// !$*UTF8*$!
{
	archiveVersion = 1;
	classes = {
	};
	objectVersion = 56;
	objects = {

/* Begin PBXBuildFile section */
		D75AA0902BC2969800690CF3 /* MapViewController.swift in Sources */ = {isa = PBXBuildFile; fileRef = D75AA08F2BC2969800690CF3 /* MapViewController.swift */; };
		D7D2AC4A2BBDB48600BA256B /* AppDelegate.swift in Sources */ = {isa = PBXBuildFile; fileRef = D7D2AC492BBDB48600BA256B /* AppDelegate.swift */; };
		D7D2AC4C2BBDB48600BA256B /* SceneDelegate.swift in Sources */ = {isa = PBXBuildFile; fileRef = D7D2AC4B2BBDB48600BA256B /* SceneDelegate.swift */; };
		D7D2AC4E2BBDB48600BA256B /* ConversionViewController.swift in Sources */ = {isa = PBXBuildFile; fileRef = D7D2AC4D2BBDB48600BA256B /* ConversionViewController.swift */; };
		D7D2AC512BBDB48600BA256B /* Base in Resources */ = {isa = PBXBuildFile; fileRef = D7D2AC502BBDB48600BA256B /* Base */; };
		D7D2AC532BBDB48700BA256B /* Assets.xcassets in Resources */ = {isa = PBXBuildFile; fileRef = D7D2AC522BBDB48700BA256B /* Assets.xcassets */; };
		D7D2AC562BBDB48700BA256B /* Base in Resources */ = {isa = PBXBuildFile; fileRef = D7D2AC552BBDB48700BA256B /* Base */; };
		D7D2AC612BBDB48700BA256B /* WorldTrotterTests.swift in Sources */ = {isa = PBXBuildFile; fileRef = D7D2AC602BBDB48700BA256B /* WorldTrotterTests.swift */; };
		D7D2AC6B2BBDB48700BA256B /* WorldTrotterUITests.swift in Sources */ = {isa = PBXBuildFile; fileRef = D7D2AC6A2BBDB48700BA256B /* WorldTrotterUITests.swift */; };
		D7D2AC6D2BBDB48700BA256B /* WorldTrotterUITestsLaunchTests.swift in Sources */ = {isa = PBXBuildFile; fileRef = D7D2AC6C2BBDB48700BA256B /* WorldTrotterUITestsLaunchTests.swift */; };
/* End PBXBuildFile section */

/* Begin PBXContainerItemProxy section */
		D7D2AC5D2BBDB48700BA256B /* PBXContainerItemProxy */ = {
			isa = PBXContainerItemProxy;
			containerPortal = D7D2AC3E2BBDB48600BA256B /* Project object */;
			proxyType = 1;
			remoteGlobalIDString = D7D2AC452BBDB48600BA256B;
			remoteInfo = WorldTrotter;
		};
		D7D2AC672BBDB48700BA256B /* PBXContainerItemProxy */ = {
			isa = PBXContainerItemProxy;
			containerPortal = D7D2AC3E2BBDB48600BA256B /* Project object */;
			proxyType = 1;
			remoteGlobalIDString = D7D2AC452BBDB48600BA256B;
			remoteInfo = WorldTrotter;
		};
/* End PBXContainerItemProxy section */

/* Begin PBXFileReference section */
		D75AA08F2BC2969800690CF3 /* MapViewController.swift */ = {isa = PBXFileReference; lastKnownFileType = sourcecode.swift; path = MapViewController.swift; sourceTree = "<group>"; };
		D7D2AC462BBDB48600BA256B /* WorldTrotter.app */ = {isa = PBXFileReference; explicitFileType = wrapper.application; includeInIndex = 0; path = WorldTrotter.app; sourceTree = BUILT_PRODUCTS_DIR; };
		D7D2AC492BBDB48600BA256B /* AppDelegate.swift */ = {isa = PBXFileReference; lastKnownFileType = sourcecode.swift; path = AppDelegate.swift; sourceTree = "<group>"; };
		D7D2AC4B2BBDB48600BA256B /* SceneDelegate.swift */ = {isa = PBXFileReference; lastKnownFileType = sourcecode.swift; path = SceneDelegate.swift; sourceTree = "<group>"; };
		D7D2AC4D2BBDB48600BA256B /* ConversionViewController.swift */ = {isa = PBXFileReference; lastKnownFileType = sourcecode.swift; path = ConversionViewController.swift; sourceTree = "<group>"; };
		D7D2AC502BBDB48600BA256B /* Base */ = {isa = PBXFileReference; lastKnownFileType = file.storyboard; name = Base; path = Base.lproj/Main.storyboard; sourceTree = "<group>"; };
		D7D2AC522BBDB48700BA256B /* Assets.xcassets */ = {isa = PBXFileReference; lastKnownFileType = folder.assetcatalog; path = Assets.xcassets; sourceTree = "<group>"; };
		D7D2AC552BBDB48700BA256B /* Base */ = {isa = PBXFileReference; lastKnownFileType = file.storyboard; name = Base; path = Base.lproj/LaunchScreen.storyboard; sourceTree = "<group>"; };
		D7D2AC572BBDB48700BA256B /* Info.plist */ = {isa = PBXFileReference; lastKnownFileType = text.plist.xml; path = Info.plist; sourceTree = "<group>"; };
		D7D2AC5C2BBDB48700BA256B /* WorldTrotterTests.xctest */ = {isa = PBXFileReference; explicitFileType = wrapper.cfbundle; includeInIndex = 0; path = WorldTrotterTests.xctest; sourceTree = BUILT_PRODUCTS_DIR; };
		D7D2AC602BBDB48700BA256B /* WorldTrotterTests.swift */ = {isa = PBXFileReference; lastKnownFileType = sourcecode.swift; path = WorldTrotterTests.swift; sourceTree = "<group>"; };
		D7D2AC662BBDB48700BA256B /* WorldTrotterUITests.xctest */ = {isa = PBXFileReference; explicitFileType = wrapper.cfbundle; includeInIndex = 0; path = WorldTrotterUITests.xctest; sourceTree = BUILT_PRODUCTS_DIR; };
		D7D2AC6A2BBDB48700BA256B /* WorldTrotterUITests.swift */ = {isa = PBXFileReference; lastKnownFileType = sourcecode.swift; path = WorldTrotterUITests.swift; sourceTree = "<group>"; };
		D7D2AC6C2BBDB48700BA256B /* WorldTrotterUITestsLaunchTests.swift */ = {isa = PBXFileReference; lastKnownFileType = sourcecode.swift; path = WorldTrotterUITestsLaunchTests.swift; sourceTree = "<group>"; };
/* End PBXFileReference section */

/* Begin PBXFrameworksBuildPhase section */
		D7D2AC432BBDB48600BA256B /* Frameworks */ = {
			isa = PBXFrameworksBuildPhase;
			buildActionMask = 2147483647;
			files = (
			);
			runOnlyForDeploymentPostprocessing = 0;
		};
		D7D2AC592BBDB48700BA256B /* Frameworks */ = {
			isa = PBXFrameworksBuildPhase;
			buildActionMask = 2147483647;
			files = (
			);
			runOnlyForDeploymentPostprocessing = 0;
		};
		D7D2AC632BBDB48700BA256B /* Frameworks */ = {
			isa = PBXFrameworksBuildPhase;
			buildActionMask = 2147483647;
			files = (
			);
			runOnlyForDeploymentPostprocessing = 0;
		};
/* End PBXFrameworksBuildPhase section */

/* Begin PBXGroup section */
		D7D2AC3D2BBDB48600BA256B = {
			isa = PBXGroup;
			children = (
				D7D2AC482BBDB48600BA256B /* WorldTrotter */,
				D7D2AC5F2BBDB48700BA256B /* WorldTrotterTests */,
				D7D2AC692BBDB48700BA256B /* WorldTrotterUITests */,
				D7D2AC472BBDB48600BA256B /* Products */,
			);
			sourceTree = "<group>";
		};
		D7D2AC472BBDB48600BA256B /* Products */ = {
			isa = PBXGroup;
			children = (
				D7D2AC462BBDB48600BA256B /* WorldTrotter.app */,
				D7D2AC5C2BBDB48700BA256B /* WorldTrotterTests.xctest */,
				D7D2AC662BBDB48700BA256B /* WorldTrotterUITests.xctest */,
			);
			name = Products;
			sourceTree = "<group>";
		};
		D7D2AC482BBDB48600BA256B /* WorldTrotter */ = {
			isa = PBXGroup;
			children = (
				D75AA08F2BC2969800690CF3 /* MapViewController.swift */,
				D7D2AC492BBDB48600BA256B /* AppDelegate.swift */,
				D7D2AC4B2BBDB48600BA256B /* SceneDelegate.swift */,
				D7D2AC4D2BBDB48600BA256B /* ConversionViewController.swift */,
				D7D2AC4F2BBDB48600BA256B /* Main.storyboard */,
				D7D2AC522BBDB48700BA256B /* Assets.xcassets */,
				D7D2AC542BBDB48700BA256B /* LaunchScreen.storyboard */,
				D7D2AC572BBDB48700BA256B /* Info.plist */,
			);
			path = WorldTrotter;
			sourceTree = "<group>";
		};
		D7D2AC5F2BBDB48700BA256B /* WorldTrotterTests */ = {
			isa = PBXGroup;
			children = (
				D7D2AC602BBDB48700BA256B /* WorldTrotterTests.swift */,
			);
			path = WorldTrotterTests;
			sourceTree = "<group>";
		};
		D7D2AC692BBDB48700BA256B /* WorldTrotterUITests */ = {
			isa = PBXGroup;
			children = (
				D7D2AC6A2BBDB48700BA256B /* WorldTrotterUITests.swift */,
				D7D2AC6C2BBDB48700BA256B /* WorldTrotterUITestsLaunchTests.swift */,
			);
			path = WorldTrotterUITests;
			sourceTree = "<group>";
		};
/* End PBXGroup section */

/* Begin PBXNativeTarget section */
		D7D2AC452BBDB48600BA256B /* WorldTrotter */ = {
			isa = PBXNativeTarget;
			buildConfigurationList = D7D2AC702BBDB48700BA256B /* Build configuration list for PBXNativeTarget "WorldTrotter" */;
			buildPhases = (
				D7D2AC422BBDB48600BA256B /* Sources */,
				D7D2AC432BBDB48600BA256B /* Frameworks */,
				D7D2AC442BBDB48600BA256B /* Resources */,
			);
			buildRules = (
			);
			dependencies = (
			);
			name = WorldTrotter;
			productName = WorldTrotter;
			productReference = D7D2AC462BBDB48600BA256B /* WorldTrotter.app */;
			productType = "com.apple.product-type.application";
		};
		D7D2AC5B2BBDB48700BA256B /* WorldTrotterTests */ = {
			isa = PBXNativeTarget;
			buildConfigurationList = D7D2AC732BBDB48700BA256B /* Build configuration list for PBXNativeTarget "WorldTrotterTests" */;
			buildPhases = (
				D7D2AC582BBDB48700BA256B /* Sources */,
				D7D2AC592BBDB48700BA256B /* Frameworks */,
				D7D2AC5A2BBDB48700BA256B /* Resources */,
			);
			buildRules = (
			);
			dependencies = (
				D7D2AC5E2BBDB48700BA256B /* PBXTargetDependency */,
			);
			name = WorldTrotterTests;
			productName = WorldTrotterTests;
			productReference = D7D2AC5C2BBDB48700BA256B /* WorldTrotterTests.xctest */;
			productType = "com.apple.product-type.bundle.unit-test";
		};
		D7D2AC652BBDB48700BA256B /* WorldTrotterUITests */ = {
			isa = PBXNativeTarget;
			buildConfigurationList = D7D2AC762BBDB48700BA256B /* Build configuration list for PBXNativeTarget "WorldTrotterUITests" */;
			buildPhases = (
				D7D2AC622BBDB48700BA256B /* Sources */,
				D7D2AC632BBDB48700BA256B /* Frameworks */,
				D7D2AC642BBDB48700BA256B /* Resources */,
			);
			buildRules = (
			);
			dependencies = (
				D7D2AC682BBDB48700BA256B /* PBXTargetDependency */,
			);
			name = WorldTrotterUITests;
			productName = WorldTrotterUITests;
			productReference = D7D2AC662BBDB48700BA256B /* WorldTrotterUITests.xctest */;
			productType = "com.apple.product-type.bundle.ui-testing";
		};
/* End PBXNativeTarget section */

/* Begin PBXProject section */
		D7D2AC3E2BBDB48600BA256B /* Project object */ = {
			isa = PBXProject;
			attributes = {
				BuildIndependentTargetsInParallel = 1;
				LastSwiftUpdateCheck = 1530;
				LastUpgradeCheck = 1530;
				TargetAttributes = {
					D7D2AC452BBDB48600BA256B = {
						CreatedOnToolsVersion = 15.3;
					};
					D7D2AC5B2BBDB48700BA256B = {
						CreatedOnToolsVersion = 15.3;
						TestTargetID = D7D2AC452BBDB48600BA256B;
					};
					D7D2AC652BBDB48700BA256B = {
						CreatedOnToolsVersion = 15.3;
						TestTargetID = D7D2AC452BBDB48600BA256B;
					};
				};
			};
			buildConfigurationList = D7D2AC412BBDB48600BA256B /* Build configuration list for PBXProject "WorldTrotter" */;
			compatibilityVersion = "Xcode 14.0";
			developmentRegion = en;
			hasScannedForEncodings = 0;
			knownRegions = (
				en,
				Base,
			);
			mainGroup = D7D2AC3D2BBDB48600BA256B;
			productRefGroup = D7D2AC472BBDB48600BA256B /* Products */;
			projectDirPath = "";
			projectRoot = "";
			targets = (
				D7D2AC452BBDB48600BA256B /* WorldTrotter */,
				D7D2AC5B2BBDB48700BA256B /* WorldTrotterTests */,
				D7D2AC652BBDB48700BA256B /* WorldTrotterUITests */,
			);
		};
/* End PBXProject section */

/* Begin PBXResourcesBuildPhase section */
		D7D2AC442BBDB48600BA256B /* Resources */ = {
			isa = PBXResourcesBuildPhase;
			buildActionMask = 2147483647;
			files = (
				D7D2AC532BBDB48700BA256B /* Assets.xcassets in Resources */,
				D7D2AC562BBDB48700BA256B /* Base in Resources */,
				D7D2AC512BBDB48600BA256B /* Base in Resources */,
			);
			runOnlyForDeploymentPostprocessing = 0;
		};
		D7D2AC5A2BBDB48700BA256B /* Resources */ = {
			isa = PBXResourcesBuildPhase;
			buildActionMask = 2147483647;
			files = (
			);
			runOnlyForDeploymentPostprocessing = 0;
		};
		D7D2AC642BBDB48700BA256B /* Resources */ = {
			isa = PBXResourcesBuildPhase;
			buildActionMask = 2147483647;
			files = (
			);
			runOnlyForDeploymentPostprocessing = 0;
		};
/* End PBXResourcesBuildPhase section */

/* Begin PBXSourcesBuildPhase section */
		D7D2AC422BBDB48600BA256B /* Sources */ = {
			isa = PBXSourcesBuildPhase;
			buildActionMask = 2147483647;
			files = (
				D7D2AC4E2BBDB48600BA256B /* ConversionViewController.swift in Sources */,
				D7D2AC4A2BBDB48600BA256B /* AppDelegate.swift in Sources */,
				D7D2AC4C2BBDB48600BA256B /* SceneDelegate.swift in Sources */,
				D75AA0902BC2969800690CF3 /* MapViewController.swift in Sources */,
			);
			runOnlyForDeploymentPostprocessing = 0;
		};
		D7D2AC582BBDB48700BA256B /* Sources */ = {
			isa = PBXSourcesBuildPhase;
			buildActionMask = 2147483647;
			files = (
				D7D2AC612BBDB48700BA256B /* WorldTrotterTests.swift in Sources */,
			);
			runOnlyForDeploymentPostprocessing = 0;
		};
		D7D2AC622BBDB48700BA256B /* Sources */ = {
			isa = PBXSourcesBuildPhase;
			buildActionMask = 2147483647;
			files = (
				D7D2AC6D2BBDB48700BA256B /* WorldTrotterUITestsLaunchTests.swift in Sources */,
				D7D2AC6B2BBDB48700BA256B /* WorldTrotterUITests.swift in Sources */,
			);
			runOnlyForDeploymentPostprocessing = 0;
		};
/* End PBXSourcesBuildPhase section */

/* Begin PBXTargetDependency section */
		D7D2AC5E2BBDB48700BA256B /* PBXTargetDependency */ = {
			isa = PBXTargetDependency;
			target = D7D2AC452BBDB48600BA256B /* WorldTrotter */;
			targetProxy = D7D2AC5D2BBDB48700BA256B /* PBXContainerItemProxy */;
		};
		D7D2AC682BBDB48700BA256B /* PBXTargetDependency */ = {
			isa = PBXTargetDependency;
			target = D7D2AC452BBDB48600BA256B /* WorldTrotter */;
			targetProxy = D7D2AC672BBDB48700BA256B /* PBXContainerItemProxy */;
		};
/* End PBXTargetDependency section */

/* Begin PBXVariantGroup section */
		D7D2AC4F2BBDB48600BA256B /* Main.storyboard */ = {
			isa = PBXVariantGroup;
			children = (
				D7D2AC502BBDB48600BA256B /* Base */,
			);
			name = Main.storyboard;
			sourceTree = "<group>";
		};
		D7D2AC542BBDB48700BA256B /* LaunchScreen.storyboard */ = {
			isa = PBXVariantGroup;
			children = (
				D7D2AC552BBDB48700BA256B /* Base */,
			);
			name = LaunchScreen.storyboard;
			sourceTree = "<group>";
		};
/* End PBXVariantGroup section */

/* Begin XCBuildConfiguration section */
		D7D2AC6E2BBDB48700BA256B /* Debug */ = {
			isa = XCBuildConfiguration;
			buildSettings = {
				ALWAYS_SEARCH_USER_PATHS = NO;
				ASSETCATALOG_COMPILER_GENERATE_SWIFT_ASSET_SYMBOL_EXTENSIONS = YES;
				CLANG_ANALYZER_NONNULL = YES;
				CLANG_ANALYZER_NUMBER_OBJECT_CONVERSION = YES_AGGRESSIVE;
				CLANG_CXX_LANGUAGE_STANDARD = "gnu++20";
				CLANG_ENABLE_MODULES = YES;
				CLANG_ENABLE_OBJC_ARC = YES;
				CLANG_ENABLE_OBJC_WEAK = YES;
				CLANG_WARN_BLOCK_CAPTURE_AUTORELEASING = YES;
				CLANG_WARN_BOOL_CONVERSION = YES;
				CLANG_WARN_COMMA = YES;
				CLANG_WARN_CONSTANT_CONVERSION = YES;
				CLANG_WARN_DEPRECATED_OBJC_IMPLEMENTATIONS = YES;
				CLANG_WARN_DIRECT_OBJC_ISA_USAGE = YES_ERROR;
				CLANG_WARN_DOCUMENTATION_COMMENTS = YES;
				CLANG_WARN_EMPTY_BODY = YES;
				CLANG_WARN_ENUM_CONVERSION = YES;
				CLANG_WARN_INFINITE_RECURSION = YES;
				CLANG_WARN_INT_CONVERSION = YES;
				CLANG_WARN_NON_LITERAL_NULL_CONVERSION = YES;
				CLANG_WARN_OBJC_IMPLICIT_RETAIN_SELF = YES;
				CLANG_WARN_OBJC_LITERAL_CONVERSION = YES;
				CLANG_WARN_OBJC_ROOT_CLASS = YES_ERROR;
				CLANG_WARN_QUOTED_INCLUDE_IN_FRAMEWORK_HEADER = YES;
				CLANG_WARN_RANGE_LOOP_ANALYSIS = YES;
				CLANG_WARN_STRICT_PROTOTYPES = YES;
				CLANG_WARN_SUSPICIOUS_MOVE = YES;
				CLANG_WARN_UNGUARDED_AVAILABILITY = YES_AGGRESSIVE;
				CLANG_WARN_UNREACHABLE_CODE = YES;
				CLANG_WARN__DUPLICATE_METHOD_MATCH = YES;
				COPY_PHASE_STRIP = NO;
				DEBUG_INFORMATION_FORMAT = dwarf;
				ENABLE_STRICT_OBJC_MSGSEND = YES;
				ENABLE_TESTABILITY = YES;
				ENABLE_USER_SCRIPT_SANDBOXING = YES;
				GCC_C_LANGUAGE_STANDARD = gnu17;
				GCC_DYNAMIC_NO_PIC = NO;
				GCC_NO_COMMON_BLOCKS = YES;
				GCC_OPTIMIZATION_LEVEL = 0;
				GCC_PREPROCESSOR_DEFINITIONS = (
					"DEBUG=1",
					"$(inherited)",
				);
				GCC_WARN_64_TO_32_BIT_CONVERSION = YES;
				GCC_WARN_ABOUT_RETURN_TYPE = YES_ERROR;
				GCC_WARN_UNDECLARED_SELECTOR = YES;
				GCC_WARN_UNINITIALIZED_AUTOS = YES_AGGRESSIVE;
				GCC_WARN_UNUSED_FUNCTION = YES;
				GCC_WARN_UNUSED_VARIABLE = YES;
				IPHONEOS_DEPLOYMENT_TARGET = 17.4;
				LOCALIZATION_PREFERS_STRING_CATALOGS = YES;
				MTL_ENABLE_DEBUG_INFO = INCLUDE_SOURCE;
				MTL_FAST_MATH = YES;
				ONLY_ACTIVE_ARCH = YES;
				SDKROOT = iphoneos;
				SWIFT_ACTIVE_COMPILATION_CONDITIONS = "DEBUG $(inherited)";
				SWIFT_OPTIMIZATION_LEVEL = "-Onone";
			};
			name = Debug;
		};
		D7D2AC6F2BBDB48700BA256B /* Release */ = {
			isa = XCBuildConfiguration;
			buildSettings = {
				ALWAYS_SEARCH_USER_PATHS = NO;
				ASSETCATALOG_COMPILER_GENERATE_SWIFT_ASSET_SYMBOL_EXTENSIONS = YES;
				CLANG_ANALYZER_NONNULL = YES;
				CLANG_ANALYZER_NUMBER_OBJECT_CONVERSION = YES_AGGRESSIVE;
				CLANG_CXX_LANGUAGE_STANDARD = "gnu++20";
				CLANG_ENABLE_MODULES = YES;
				CLANG_ENABLE_OBJC_ARC = YES;
				CLANG_ENABLE_OBJC_WEAK = YES;
				CLANG_WARN_BLOCK_CAPTURE_AUTORELEASING = YES;
				CLANG_WARN_BOOL_CONVERSION = YES;
				CLANG_WARN_COMMA = YES;
				CLANG_WARN_CONSTANT_CONVERSION = YES;
				CLANG_WARN_DEPRECATED_OBJC_IMPLEMENTATIONS = YES;
				CLANG_WARN_DIRECT_OBJC_ISA_USAGE = YES_ERROR;
				CLANG_WARN_DOCUMENTATION_COMMENTS = YES;
				CLANG_WARN_EMPTY_BODY = YES;
				CLANG_WARN_ENUM_CONVERSION = YES;
				CLANG_WARN_INFINITE_RECURSION = YES;
				CLANG_WARN_INT_CONVERSION = YES;
				CLANG_WARN_NON_LITERAL_NULL_CONVERSION = YES;
				CLANG_WARN_OBJC_IMPLICIT_RETAIN_SELF = YES;
				CLANG_WARN_OBJC_LITERAL_CONVERSION = YES;
				CLANG_WARN_OBJC_ROOT_CLASS = YES_ERROR;
				CLANG_WARN_QUOTED_INCLUDE_IN_FRAMEWORK_HEADER = YES;
				CLANG_WARN_RANGE_LOOP_ANALYSIS = YES;
				CLANG_WARN_STRICT_PROTOTYPES = YES;
				CLANG_WARN_SUSPICIOUS_MOVE = YES;
				CLANG_WARN_UNGUARDED_AVAILABILITY = YES_AGGRESSIVE;
				CLANG_WARN_UNREACHABLE_CODE = YES;
				CLANG_WARN__DUPLICATE_METHOD_MATCH = YES;
				COPY_PHASE_STRIP = NO;
				DEBUG_INFORMATION_FORMAT = "dwarf-with-dsym";
				ENABLE_NS_ASSERTIONS = NO;
				ENABLE_STRICT_OBJC_MSGSEND = YES;
				ENABLE_USER_SCRIPT_SANDBOXING = YES;
				GCC_C_LANGUAGE_STANDARD = gnu17;
				GCC_NO_COMMON_BLOCKS = YES;
				GCC_WARN_64_TO_32_BIT_CONVERSION = YES;
				GCC_WARN_ABOUT_RETURN_TYPE = YES_ERROR;
				GCC_WARN_UNDECLARED_SELECTOR = YES;
				GCC_WARN_UNINITIALIZED_AUTOS = YES_AGGRESSIVE;
				GCC_WARN_UNUSED_FUNCTION = YES;
				GCC_WARN_UNUSED_VARIABLE = YES;
				IPHONEOS_DEPLOYMENT_TARGET = 17.4;
				LOCALIZATION_PREFERS_STRING_CATALOGS = YES;
				MTL_ENABLE_DEBUG_INFO = NO;
				MTL_FAST_MATH = YES;
				SDKROOT = iphoneos;
				SWIFT_COMPILATION_MODE = wholemodule;
				VALIDATE_PRODUCT = YES;
			};
			name = Release;
		};
		D7D2AC712BBDB48700BA256B /* Debug */ = {
			isa = XCBuildConfiguration;
			buildSettings = {
				ASSETCATALOG_COMPILER_APPICON_NAME = AppIcon;
				ASSETCATALOG_COMPILER_GLOBAL_ACCENT_COLOR_NAME = AccentColor;
				CODE_SIGN_STYLE = Automatic;
				CURRENT_PROJECT_VERSION = 1;
				GENERATE_INFOPLIST_FILE = YES;
				INFOPLIST_FILE = WorldTrotter/Info.plist;
				INFOPLIST_KEY_UIApplicationSupportsIndirectInputEvents = YES;
				INFOPLIST_KEY_UILaunchStoryboardName = LaunchScreen;
				INFOPLIST_KEY_UIMainStoryboardFile = Main;
				INFOPLIST_KEY_UIStatusBarStyle = "";
				INFOPLIST_KEY_UISupportedInterfaceOrientations_iPad = "UIInterfaceOrientationPortrait UIInterfaceOrientationPortraitUpsideDown UIInterfaceOrientationLandscapeLeft UIInterfaceOrientationLandscapeRight";
				INFOPLIST_KEY_UISupportedInterfaceOrientations_iPhone = "UIInterfaceOrientationPortrait UIInterfaceOrientationLandscapeLeft UIInterfaceOrientationLandscapeRight";
				LD_RUNPATH_SEARCH_PATHS = (
					"$(inherited)",
					"@executable_path/Frameworks",
				);
				MARKETING_VERSION = 1.0;
				PRODUCT_BUNDLE_IDENTIFIER = org.project.WorldTrotter;
				PRODUCT_NAME = "$(TARGET_NAME)";
				SWIFT_EMIT_LOC_STRINGS = YES;
				SWIFT_VERSION = 5.0;
				TARGETED_DEVICE_FAMILY = "1,2";
			};
			name = Debug;
		};
		D7D2AC722BBDB48700BA256B /* Release */ = {
			isa = XCBuildConfiguration;
			buildSettings = {
				ASSETCATALOG_COMPILER_APPICON_NAME = AppIcon;
				ASSETCATALOG_COMPILER_GLOBAL_ACCENT_COLOR_NAME = AccentColor;
				CODE_SIGN_STYLE = Automatic;
				CURRENT_PROJECT_VERSION = 1;
				GENERATE_INFOPLIST_FILE = YES;
				INFOPLIST_FILE = WorldTrotter/Info.plist;
				INFOPLIST_KEY_UIApplicationSupportsIndirectInputEvents = YES;
				INFOPLIST_KEY_UILaunchStoryboardName = LaunchScreen;
				INFOPLIST_KEY_UIMainStoryboardFile = Main;
				INFOPLIST_KEY_UIStatusBarStyle = "";
				INFOPLIST_KEY_UISupportedInterfaceOrientations_iPad = "UIInterfaceOrientationPortrait UIInterfaceOrientationPortraitUpsideDown UIInterfaceOrientationLandscapeLeft UIInterfaceOrientationLandscapeRight";
				INFOPLIST_KEY_UISupportedInterfaceOrientations_iPhone = "UIInterfaceOrientationPortrait UIInterfaceOrientationLandscapeLeft UIInterfaceOrientationLandscapeRight";
				LD_RUNPATH_SEARCH_PATHS = (
					"$(inherited)",
					"@executable_path/Frameworks",
				);
				MARKETING_VERSION = 1.0;
				PRODUCT_BUNDLE_IDENTIFIER = org.project.WorldTrotter;
				PRODUCT_NAME = "$(TARGET_NAME)";
				SWIFT_EMIT_LOC_STRINGS = YES;
				SWIFT_VERSION = 5.0;
				TARGETED_DEVICE_FAMILY = "1,2";
			};
			name = Release;
		};
		D7D2AC742BBDB48700BA256B /* Debug */ = {
			isa = XCBuildConfiguration;
			buildSettings = {
				ALWAYS_EMBED_SWIFT_STANDARD_LIBRARIES = YES;
				BUNDLE_LOADER = "$(TEST_HOST)";
				CODE_SIGN_STYLE = Automatic;
				CURRENT_PROJECT_VERSION = 1;
				GENERATE_INFOPLIST_FILE = YES;
				IPHONEOS_DEPLOYMENT_TARGET = 17.4;
				MARKETING_VERSION = 1.0;
				PRODUCT_BUNDLE_IDENTIFIER = org.project.WorldTrotterTests;
				PRODUCT_NAME = "$(TARGET_NAME)";
				SWIFT_EMIT_LOC_STRINGS = NO;
				SWIFT_VERSION = 5.0;
				TARGETED_DEVICE_FAMILY = "1,2";
				TEST_HOST = "$(BUILT_PRODUCTS_DIR)/WorldTrotter.app/$(BUNDLE_EXECUTABLE_FOLDER_PATH)/WorldTrotter";
			};
			name = Debug;
		};
		D7D2AC752BBDB48700BA256B /* Release */ = {
			isa = XCBuildConfiguration;
			buildSettings = {
				ALWAYS_EMBED_SWIFT_STANDARD_LIBRARIES = YES;
				BUNDLE_LOADER = "$(TEST_HOST)";
				CODE_SIGN_STYLE = Automatic;
				CURRENT_PROJECT_VERSION = 1;
				GENERATE_INFOPLIST_FILE = YES;
				IPHONEOS_DEPLOYMENT_TARGET = 17.4;
				MARKETING_VERSION = 1.0;
				PRODUCT_BUNDLE_IDENTIFIER = org.project.WorldTrotterTests;
				PRODUCT_NAME = "$(TARGET_NAME)";
				SWIFT_EMIT_LOC_STRINGS = NO;
				SWIFT_VERSION = 5.0;
				TARGETED_DEVICE_FAMILY = "1,2";
				TEST_HOST = "$(BUILT_PRODUCTS_DIR)/WorldTrotter.app/$(BUNDLE_EXECUTABLE_FOLDER_PATH)/WorldTrotter";
			};
			name = Release;
		};
		D7D2AC772BBDB48700BA256B /* Debug */ = {
			isa = XCBuildConfiguration;
			buildSettings = {
				ALWAYS_EMBED_SWIFT_STANDARD_LIBRARIES = YES;
				CODE_SIGN_STYLE = Automatic;
				CURRENT_PROJECT_VERSION = 1;
				GENERATE_INFOPLIST_FILE = YES;
				MARKETING_VERSION = 1.0;
				PRODUCT_BUNDLE_IDENTIFIER = org.project.WorldTrotterUITests;
				PRODUCT_NAME = "$(TARGET_NAME)";
				SWIFT_EMIT_LOC_STRINGS = NO;
				SWIFT_VERSION = 5.0;
				TARGETED_DEVICE_FAMILY = "1,2";
				TEST_TARGET_NAME = WorldTrotter;
			};
			name = Debug;
		};
		D7D2AC782BBDB48700BA256B /* Release */ = {
			isa = XCBuildConfiguration;
			buildSettings = {
				ALWAYS_EMBED_SWIFT_STANDARD_LIBRARIES = YES;
				CODE_SIGN_STYLE = Automatic;
				CURRENT_PROJECT_VERSION = 1;
				GENERATE_INFOPLIST_FILE = YES;
				MARKETING_VERSION = 1.0;
				PRODUCT_BUNDLE_IDENTIFIER = org.project.WorldTrotterUITests;
				PRODUCT_NAME = "$(TARGET_NAME)";
				SWIFT_EMIT_LOC_STRINGS = NO;
				SWIFT_VERSION = 5.0;
				TARGETED_DEVICE_FAMILY = "1,2";
				TEST_TARGET_NAME = WorldTrotter;
			};
			name = Release;
		};
/* End XCBuildConfiguration section */

/* Begin XCConfigurationList section */
		D7D2AC412BBDB48600BA256B /* Build configuration list for PBXProject "WorldTrotter" */ = {
			isa = XCConfigurationList;
			buildConfigurations = (
				D7D2AC6E2BBDB48700BA256B /* Debug */,
				D7D2AC6F2BBDB48700BA256B /* Release */,
			);
			defaultConfigurationIsVisible = 0;
			defaultConfigurationName = Release;
		};
		D7D2AC702BBDB48700BA256B /* Build configuration list for PBXNativeTarget "WorldTrotter" */ = {
			isa = XCConfigurationList;
			buildConfigurations = (
				D7D2AC712BBDB48700BA256B /* Debug */,
				D7D2AC722BBDB48700BA256B /* Release */,
			);
			defaultConfigurationIsVisible = 0;
			defaultConfigurationName = Release;
		};
		D7D2AC732BBDB48700BA256B /* Build configuration list for PBXNativeTarget "WorldTrotterTests" */ = {
			isa = XCConfigurationList;
			buildConfigurations = (
				D7D2AC742BBDB48700BA256B /* Debug */,
				D7D2AC752BBDB48700BA256B /* Release */,
			);
			defaultConfigurationIsVisible = 0;
			defaultConfigurationName = Release;
		};
		D7D2AC762BBDB48700BA256B /* Build configuration list for PBXNativeTarget "WorldTrotterUITests" */ = {
			isa = XCConfigurationList;
			buildConfigurations = (
				D7D2AC772BBDB48700BA256B /* Debug */,
				D7D2AC782BBDB48700BA256B /* Release */,
			);
			defaultConfigurationIsVisible = 0;
			defaultConfigurationName = Release;
		};
/* End XCConfigurationList section */
	};
	rootObject = D7D2AC3E2BBDB48600BA256B /* Project object */;
}
